
Microsoft Visual Studio Solution File, Format Version 12.00
# Visual Studio Version 16
VisualStudioVersion = 16.0.30309.148
MinimumVisualStudioVersion = 10.0.40219.1
Project("{FAE04EC0-301F-11D3-BF4B-00C04F79EFBC}") = "InfoPortal", "InfoPortal\InfoPortal.csproj", "{69484FA6-0D4D-4848-8989-7522E6B79613}"
EndProject
Global
	GlobalSection(SolutionConfigurationPlatforms) = preSolution
		Debug|Any CPU = Debug|Any CPU
		Release|Any CPU = Release|Any CPU
	EndGlobalSection
	GlobalSection(ProjectConfigurationPlatforms) = postSolution
		{69484FA6-0D4D-4848-8989-7522E6B79613}.Debug|Any CPU.ActiveCfg = Debug|Any CPU
		{69484FA6-0D4D-4848-8989-7522E6B79613}.Debug|Any CPU.Build.0 = Debug|Any CPU
		{69484FA6-0D4D-4848-8989-7522E6B79613}.Release|Any CPU.ActiveCfg = Release|Any CPU
		{69484FA6-0D4D-4848-8989-7522E6B79613}.Release|Any CPU.Build.0 = Release|Any CPU
	EndGlobalSection
	GlobalSection(SolutionProperties) = preSolution
		HideSolutionNode = FALSE
	EndGlobalSection
	GlobalSection(ExtensibilityGlobals) = postSolution
		SolutionGuid = {936D4D80-A2AC-4BE7-8419-35FDCBC71D3E}
	EndGlobalSection
EndGlobal
